
Microsoft Visual Studio Solution File, Format Version 11.00
# Visual Studio 2010
Project("{8BC9CEB8-8B4A-11D0-8D11-00A0C91BC942}") = "sea_battle", "sea_battle\sea_battle.vcxproj", "{EC827A89-895C-4574-B776-F55673C3CCAC}"
EndProject
Global
	GlobalSection(SolutionConfigurationPlatforms) = preSolution
		Debug|Win32 = Debug|Win32
		Release|Win32 = Release|Win32
	EndGlobalSection
	GlobalSection(ProjectConfigurationPlatforms) = postSolution
		{EC827A89-895C-4574-B776-F55673C3CCAC}.Debug|Win32.ActiveCfg = Debug|Win32
		{EC827A89-895C-4574-B776-F55673C3CCAC}.Debug|Win32.Build.0 = Debug|Win32
		{EC827A89-895C-4574-B776-F55673C3CCAC}.Release|Win32.ActiveCfg = Release|Win32
		{EC827A89-895C-4574-B776-F55673C3CCAC}.Release|Win32.Build.0 = Release|Win32
	EndGlobalSection
	GlobalSection(SolutionProperties) = preSolution
		HideSolutionNode = FALSE
	EndGlobalSection
EndGlobal
